
Microsoft Visual Studio Solution File, Format Version 12.00
# Visual Studio 15
VisualStudioVersion = 15.0.27703.2042
MinimumVisualStudioVersion = 10.0.40219.1
Project("{FAE04EC0-301F-11D3-BF4B-00C04F79EFBC}") = "DownloadCS", "DownloadCS\DownloadCS.csproj", "{116A9779-E339-4067-9D2F-4ECC3D39C180}"
EndProject
Global
	GlobalSection(SolutionConfigurationPlatforms) = preSolution
		Debug|Any CPU = Debug|Any CPU
		Release|Any CPU = Release|Any CPU
	EndGlobalSection
	GlobalSection(ProjectConfigurationPlatforms) = postSolution
		{116A9779-E339-4067-9D2F-4ECC3D39C180}.Debug|Any CPU.ActiveCfg = Debug|Any CPU
		{116A9779-E339-4067-9D2F-4ECC3D39C180}.Debug|Any CPU.Build.0 = Debug|Any CPU
		{116A9779-E339-4067-9D2F-4ECC3D39C180}.Release|Any CPU.ActiveCfg = Release|Any CPU
		{116A9779-E339-4067-9D2F-4ECC3D39C180}.Release|Any CPU.Build.0 = Release|Any CPU
	EndGlobalSection
	GlobalSection(SolutionProperties) = preSolution
		HideSolutionNode = FALSE
	EndGlobalSection
	GlobalSection(ExtensibilityGlobals) = postSolution
		SolutionGuid = {4DFD38FF-76DA-46E7-8A1C-3452EEBCAF19}
	EndGlobalSection
EndGlobal
